// !$*UTF8*$!
{
	archiveVersion = 1;
	classes = {
	};
	objectVersion = 51;
	objects = {

/* Begin PBXBuildFile section */
		6D881D4522F72D9000FE8344 /* AppDelegate.swift in Sources */ = {isa = PBXBuildFile; fileRef = 6D881D4422F72D9000FE8344 /* AppDelegate.swift */; };
		6D881D4722F72D9000FE8344 /* PostalCodeViewController.swift in Sources */ = {isa = PBXBuildFile; fileRef = 6D881D4622F72D9000FE8344 /* PostalCodeViewController.swift */; };
		6D881D4A22F72D9000FE8344 /* Main.storyboard in Resources */ = {isa = PBXBuildFile; fileRef = 6D881D4822F72D9000FE8344 /* Main.storyboard */; };
		6D881D4C22F72D9100FE8344 /* Assets.xcassets in Resources */ = {isa = PBXBuildFile; fileRef = 6D881D4B22F72D9100FE8344 /* Assets.xcassets */; };
		6D881D4F22F72D9100FE8344 /* LaunchScreen.storyboard in Resources */ = {isa = PBXBuildFile; fileRef = 6D881D4D22F72D9100FE8344 /* LaunchScreen.storyboard */; };
		6D881D5922F7308600FE8344 /* PostalCodeTableViewCell.swift in Sources */ = {isa = PBXBuildFile; fileRef = 6D881D5822F7308600FE8344 /* PostalCodeTableViewCell.swift */; };
		6D881D5C22F7343300FE8344 /* CSVHandler.swift in Sources */ = {isa = PBXBuildFile; fileRef = 6D881D5B22F7343300FE8344 /* CSVHandler.swift */; };
		6D881D5F22F737C100FE8344 /* PostalCodel.swift in Sources */ = {isa = PBXBuildFile; fileRef = 6D881D5E22F737C100FE8344 /* PostalCodel.swift */; };
		6D881D6222F7392A00FE8344 /* DBManager.swift in Sources */ = {isa = PBXBuildFile; fileRef = 6D881D6122F7392A00FE8344 /* DBManager.swift */; };
		DDABC8F2CE4DCCCAE25552C9 /* Pods_WtestExec1.framework in Frameworks */ = {isa = PBXBuildFile; fileRef = 064941ADAB1F0C9B4E86F6B5 /* Pods_WtestExec1.framework */; };
/* End PBXBuildFile section */

/* Begin PBXFileReference section */
		064941ADAB1F0C9B4E86F6B5 /* Pods_WtestExec1.framework */ = {isa = PBXFileReference; explicitFileType = wrapper.framework; includeInIndex = 0; path = Pods_WtestExec1.framework; sourceTree = BUILT_PRODUCTS_DIR; };
		6D881D4122F72D9000FE8344 /* WtestExec1.app */ = {isa = PBXFileReference; explicitFileType = wrapper.application; includeInIndex = 0; path = WtestExec1.app; sourceTree = BUILT_PRODUCTS_DIR; };
		6D881D4422F72D9000FE8344 /* AppDelegate.swift */ = {isa = PBXFileReference; lastKnownFileType = sourcecode.swift; path = AppDelegate.swift; sourceTree = "<group>"; };
		6D881D4622F72D9000FE8344 /* PostalCodeViewController.swift */ = {isa = PBXFileReference; lastKnownFileType = sourcecode.swift; path = PostalCodeViewController.swift; sourceTree = "<group>"; };
		6D881D4922F72D9000FE8344 /* Base */ = {isa = PBXFileReference; lastKnownFileType = file.storyboard; name = Base; path = Base.lproj/Main.storyboard; sourceTree = "<group>"; };
		6D881D4B22F72D9100FE8344 /* Assets.xcassets */ = {isa = PBXFileReference; lastKnownFileType = folder.assetcatalog; path = Assets.xcassets; sourceTree = "<group>"; };
		6D881D4E22F72D9100FE8344 /* Base */ = {isa = PBXFileReference; lastKnownFileType = file.storyboard; name = Base; path = Base.lproj/LaunchScreen.storyboard; sourceTree = "<group>"; };
		6D881D5022F72D9100FE8344 /* Info.plist */ = {isa = PBXFileReference; lastKnownFileType = text.plist.xml; path = Info.plist; sourceTree = "<group>"; };
		6D881D5822F7308600FE8344 /* PostalCodeTableViewCell.swift */ = {isa = PBXFileReference; lastKnownFileType = sourcecode.swift; path = PostalCodeTableViewCell.swift; sourceTree = "<group>"; };
		6D881D5B22F7343300FE8344 /* CSVHandler.swift */ = {isa = PBXFileReference; lastKnownFileType = sourcecode.swift; path = CSVHandler.swift; sourceTree = "<group>"; };
		6D881D5E22F737C100FE8344 /* PostalCodel.swift */ = {isa = PBXFileReference; lastKnownFileType = sourcecode.swift; path = PostalCodel.swift; sourceTree = "<group>"; };
		6D881D6122F7392A00FE8344 /* DBManager.swift */ = {isa = PBXFileReference; lastKnownFileType = sourcecode.swift; path = DBManager.swift; sourceTree = "<group>"; };
		8F392A352E85CA22C3C009FC /* Pods-WtestExec1.release.xcconfig */ = {isa = PBXFileReference; includeInIndex = 1; lastKnownFileType = text.xcconfig; name = "Pods-WtestExec1.release.xcconfig"; path = "Pods/Target Support Files/Pods-WtestExec1/Pods-WtestExec1.release.xcconfig"; sourceTree = "<group>"; };
		FA4DC602A714C60399B7F88F /* Pods-WtestExec1.debug.xcconfig */ = {isa = PBXFileReference; includeInIndex = 1; lastKnownFileType = text.xcconfig; name = "Pods-WtestExec1.debug.xcconfig"; path = "Pods/Target Support Files/Pods-WtestExec1/Pods-WtestExec1.debug.xcconfig"; sourceTree = "<group>"; };
/* End PBXFileReference section */

/* Begin PBXFrameworksBuildPhase section */
		6D881D3E22F72D9000FE8344 /* Frameworks */ = {
			isa = PBXFrameworksBuildPhase;
			buildActionMask = 2147483647;
			files = (
				DDABC8F2CE4DCCCAE25552C9 /* Pods_WtestExec1.framework in Frameworks */,
			);
			runOnlyForDeploymentPostprocessing = 0;
		};
/* End PBXFrameworksBuildPhase section */

/* Begin PBXGroup section */
		66EC52C9979012D92B65EF7C /* Pods */ = {
			isa = PBXGroup;
			children = (
				FA4DC602A714C60399B7F88F /* Pods-WtestExec1.debug.xcconfig */,
				8F392A352E85CA22C3C009FC /* Pods-WtestExec1.release.xcconfig */,
			);
			name = Pods;
			sourceTree = "<group>";
		};
		6D881D3822F72D9000FE8344 = {
			isa = PBXGroup;
			children = (
				6D881D4322F72D9000FE8344 /* WtestExec1 */,
				6D881D4222F72D9000FE8344 /* Products */,
				66EC52C9979012D92B65EF7C /* Pods */,
				75D0B28A57C7118C8E4C163D /* Frameworks */,
			);
			sourceTree = "<group>";
		};
		6D881D4222F72D9000FE8344 /* Products */ = {
			isa = PBXGroup;
			children = (
				6D881D4122F72D9000FE8344 /* WtestExec1.app */,
			);
			name = Products;
			sourceTree = "<group>";
		};
		6D881D4322F72D9000FE8344 /* WtestExec1 */ = {
			isa = PBXGroup;
			children = (
				6D881D6022F7391200FE8344 /* DBManager */,
				6D881D5D22F737B100FE8344 /* Models */,
				6D881D5A22F7341E00FE8344 /* Helpers */,
				6D881D5622F7305500FE8344 /* ViewControllers */,
				6D881D4422F72D9000FE8344 /* AppDelegate.swift */,
				6D881D4822F72D9000FE8344 /* Main.storyboard */,
				6D881D4B22F72D9100FE8344 /* Assets.xcassets */,
				6D881D4D22F72D9100FE8344 /* LaunchScreen.storyboard */,
				6D881D5022F72D9100FE8344 /* Info.plist */,
			);
			path = WtestExec1;
			sourceTree = "<group>";
		};
		6D881D5622F7305500FE8344 /* ViewControllers */ = {
			isa = PBXGroup;
			children = (
				6D881D4622F72D9000FE8344 /* PostalCodeViewController.swift */,
				6D881D5722F7306700FE8344 /* Cells */,
			);
			path = ViewControllers;
			sourceTree = "<group>";
		};
		6D881D5722F7306700FE8344 /* Cells */ = {
			isa = PBXGroup;
			children = (
				6D881D5822F7308600FE8344 /* PostalCodeTableViewCell.swift */,
			);
			path = Cells;
			sourceTree = "<group>";
		};
		6D881D5A22F7341E00FE8344 /* Helpers */ = {
			isa = PBXGroup;
			children = (
				6D881D5B22F7343300FE8344 /* CSVHandler.swift */,
			);
			path = Helpers;
			sourceTree = "<group>";
		};
		6D881D5D22F737B100FE8344 /* Models */ = {
			isa = PBXGroup;
			children = (
				6D881D5E22F737C100FE8344 /* PostalCodel.swift */,
			);
			path = Models;
			sourceTree = "<group>";
		};
		6D881D6022F7391200FE8344 /* DBManager */ = {
			isa = PBXGroup;
			children = (
				6D881D6122F7392A00FE8344 /* DBManager.swift */,
			);
			path = DBManager;
			sourceTree = "<group>";
		};
		75D0B28A57C7118C8E4C163D /* Frameworks */ = {
			isa = PBXGroup;
			children = (
				064941ADAB1F0C9B4E86F6B5 /* Pods_WtestExec1.framework */,
			);
			name = Frameworks;
			sourceTree = "<group>";
		};
/* End PBXGroup section */

/* Begin PBXNativeTarget section */
		6D881D4022F72D9000FE8344 /* WtestExec1 */ = {
			isa = PBXNativeTarget;
			buildConfigurationList = 6D881D5322F72D9100FE8344 /* Build configuration list for PBXNativeTarget "WtestExec1" */;
			buildPhases = (
				F8236E78D71677436F50B412 /* [CP] Check Pods Manifest.lock */,
				6D881D3D22F72D9000FE8344 /* Sources */,
				6D881D3E22F72D9000FE8344 /* Frameworks */,
				6D881D3F22F72D9000FE8344 /* Resources */,
				85D10BA08B8FB8B55AB6C261 /* [CP] Embed Pods Frameworks */,
			);
			buildRules = (
			);
			dependencies = (
			);
			name = WtestExec1;
			productName = WtestExec1;
			productReference = 6D881D4122F72D9000FE8344 /* WtestExec1.app */;
			productType = "com.apple.product-type.application";
		};
/* End PBXNativeTarget section */

/* Begin PBXProject section */
		6D881D3922F72D9000FE8344 /* Project object */ = {
			isa = PBXProject;
			attributes = {
				LastSwiftUpdateCheck = 1030;
				LastUpgradeCheck = 1030;
				ORGANIZATIONNAME = "Nuno Domingues";
				TargetAttributes = {
					6D881D4022F72D9000FE8344 = {
						CreatedOnToolsVersion = 10.3;
					};
				};
			};
			buildConfigurationList = 6D881D3C22F72D9000FE8344 /* Build configuration list for PBXProject "WtestExec1" */;
			compatibilityVersion = "Xcode 9.3";
			developmentRegion = en;
			hasScannedForEncodings = 0;
			knownRegions = (
				en,
				Base,
			);
			mainGroup = 6D881D3822F72D9000FE8344;
			productRefGroup = 6D881D4222F72D9000FE8344 /* Products */;
			projectDirPath = "";
			projectRoot = "";
			targets = (
				6D881D4022F72D9000FE8344 /* WtestExec1 */,
			);
		};
/* End PBXProject section */

/* Begin PBXResourcesBuildPhase section */
		6D881D3F22F72D9000FE8344 /* Resources */ = {
			isa = PBXResourcesBuildPhase;
			buildActionMask = 2147483647;
			files = (
				6D881D4F22F72D9100FE8344 /* LaunchScreen.storyboard in Resources */,
				6D881D4C22F72D9100FE8344 /* Assets.xcassets in Resources */,
				6D881D4A22F72D9000FE8344 /* Main.storyboard in Resources */,
			);
			runOnlyForDeploymentPostprocessing = 0;
		};
/* End PBXResourcesBuildPhase section */

/* Begin PBXShellScriptBuildPhase section */
		85D10BA08B8FB8B55AB6C261 /* [CP] Embed Pods Frameworks */ = {
			isa = PBXShellScriptBuildPhase;
			buildActionMask = 2147483647;
			files = (
			);
			inputFileListPaths = (
				"${PODS_ROOT}/Target Support Files/Pods-WtestExec1/Pods-WtestExec1-frameworks-${CONFIGURATION}-input-files.xcfilelist",
			);
			name = "[CP] Embed Pods Frameworks";
			outputFileListPaths = (
				"${PODS_ROOT}/Target Support Files/Pods-WtestExec1/Pods-WtestExec1-frameworks-${CONFIGURATION}-output-files.xcfilelist",
			);
			runOnlyForDeploymentPostprocessing = 0;
			shellPath = /bin/sh;
			shellScript = "\"${PODS_ROOT}/Target Support Files/Pods-WtestExec1/Pods-WtestExec1-frameworks.sh\"\n";
			showEnvVarsInLog = 0;
		};
		F8236E78D71677436F50B412 /* [CP] Check Pods Manifest.lock */ = {
			isa = PBXShellScriptBuildPhase;
			buildActionMask = 2147483647;
			files = (
			);
			inputFileListPaths = (
			);
			inputPaths = (
				"${PODS_PODFILE_DIR_PATH}/Podfile.lock",
				"${PODS_ROOT}/Manifest.lock",
			);
			name = "[CP] Check Pods Manifest.lock";
			outputFileListPaths = (
			);
			outputPaths = (
				"$(DERIVED_FILE_DIR)/Pods-WtestExec1-checkManifestLockResult.txt",
			);
			runOnlyForDeploymentPostprocessing = 0;
			shellPath = /bin/sh;
			shellScript = "diff \"${PODS_PODFILE_DIR_PATH}/Podfile.lock\" \"${PODS_ROOT}/Manifest.lock\" > /dev/null\nif [ $? != 0 ] ; then\n    # print error to STDERR\n    echo \"error: The sandbox is not in sync with the Podfile.lock. Run 'pod install' or update your CocoaPods installation.\" >&2\n    exit 1\nfi\n# This output is used by Xcode 'outputs' to avoid re-running this script phase.\necho \"SUCCESS\" > \"${SCRIPT_OUTPUT_FILE_0}\"\n";
			showEnvVarsInLog = 0;
		};
/* End PBXShellScriptBuildPhase section */

/* Begin PBXSourcesBuildPhase section */
		6D881D3D22F72D9000FE8344 /* Sources */ = {
			isa = PBXSourcesBuildPhase;
			buildActionMask = 2147483647;
			files = (
				6D881D4722F72D9000FE8344 /* PostalCodeViewController.swift in Sources */,
				6D881D6222F7392A00FE8344 /* DBManager.swift in Sources */,
				6D881D5C22F7343300FE8344 /* CSVHandler.swift in Sources */,
				6D881D5922F7308600FE8344 /* PostalCodeTableViewCell.swift in Sources */,
				6D881D5F22F737C100FE8344 /* PostalCodel.swift in Sources */,
				6D881D4522F72D9000FE8344 /* AppDelegate.swift in Sources */,
			);
			runOnlyForDeploymentPostprocessing = 0;
		};
/* End PBXSourcesBuildPhase section */

/* Begin PBXVariantGroup section */
		6D881D4822F72D9000FE8344 /* Main.storyboard */ = {
			isa = PBXVariantGroup;
			children = (
				6D881D4922F72D9000FE8344 /* Base */,
			);
			name = Main.storyboard;
			sourceTree = "<group>";
		};
		6D881D4D22F72D9100FE8344 /* LaunchScreen.storyboard */ = {
			isa = PBXVariantGroup;
			children = (
				6D881D4E22F72D9100FE8344 /* Base */,
			);
			name = LaunchScreen.storyboard;
			sourceTree = "<group>";
		};
/* End PBXVariantGroup section */

/* Begin XCBuildConfiguration section */
		6D881D5122F72D9100FE8344 /* Debug */ = {
			isa = XCBuildConfiguration;
			buildSettings = {
				ALWAYS_SEARCH_USER_PATHS = NO;
				CLANG_ANALYZER_NONNULL = YES;
				CLANG_ANALYZER_NUMBER_OBJECT_CONVERSION = YES_AGGRESSIVE;
				CLANG_CXX_LANGUAGE_STANDARD = "gnu++14";
				CLANG_CXX_LIBRARY = "libc++";
				CLANG_ENABLE_MODULES = YES;
				CLANG_ENABLE_OBJC_ARC = YES;
				CLANG_ENABLE_OBJC_WEAK = YES;
				CLANG_WARN_BLOCK_CAPTURE_AUTORELEASING = YES;
				CLANG_WARN_BOOL_CONVERSION = YES;
				CLANG_WARN_COMMA = YES;
				CLANG_WARN_CONSTANT_CONVERSION = YES;
				CLANG_WARN_DEPRECATED_OBJC_IMPLEMENTATIONS = YES;
				CLANG_WARN_DIRECT_OBJC_ISA_USAGE = YES_ERROR;
				CLANG_WARN_DOCUMENTATION_COMMENTS = YES;
				CLANG_WARN_EMPTY_BODY = YES;
				CLANG_WARN_ENUM_CONVERSION = YES;
				CLANG_WARN_INFINITE_RECURSION = YES;
				CLANG_WARN_INT_CONVERSION = YES;
				CLANG_WARN_NON_LITERAL_NULL_CONVERSION = YES;
				CLANG_WARN_OBJC_IMPLICIT_RETAIN_SELF = YES;
				CLANG_WARN_OBJC_LITERAL_CONVERSION = YES;
				CLANG_WARN_OBJC_ROOT_CLASS = YES_ERROR;
				CLANG_WARN_RANGE_LOOP_ANALYSIS = YES;
				CLANG_WARN_STRICT_PROTOTYPES = YES;
				CLANG_WARN_SUSPICIOUS_MOVE = YES;
				CLANG_WARN_UNGUARDED_AVAILABILITY = YES_AGGRESSIVE;
				CLANG_WARN_UNREACHABLE_CODE = YES;
				CLANG_WARN__DUPLICATE_METHOD_MATCH = YES;
				CODE_SIGN_IDENTITY = "iPhone Developer";
				COPY_PHASE_STRIP = NO;
				DEBUG_INFORMATION_FORMAT = dwarf;
				ENABLE_STRICT_OBJC_MSGSEND = YES;
				ENABLE_TESTABILITY = YES;
				GCC_C_LANGUAGE_STANDARD = gnu11;
				GCC_DYNAMIC_NO_PIC = NO;
				GCC_NO_COMMON_BLOCKS = YES;
				GCC_OPTIMIZATION_LEVEL = 0;
				GCC_PREPROCESSOR_DEFINITIONS = (
					"DEBUG=1",
					"$(inherited)",
				);
				GCC_WARN_64_TO_32_BIT_CONVERSION = YES;
				GCC_WARN_ABOUT_RETURN_TYPE = YES_ERROR;
				GCC_WARN_UNDECLARED_SELECTOR = YES;
				GCC_WARN_UNINITIALIZED_AUTOS = YES_AGGRESSIVE;
				GCC_WARN_UNUSED_FUNCTION = YES;
				GCC_WARN_UNUSED_VARIABLE = YES;
				IPHONEOS_DEPLOYMENT_TARGET = 12.4;
				MTL_ENABLE_DEBUG_INFO = INCLUDE_SOURCE;
				MTL_FAST_MATH = YES;
				ONLY_ACTIVE_ARCH = YES;
				SDKROOT = iphoneos;
				SWIFT_ACTIVE_COMPILATION_CONDITIONS = DEBUG;
				SWIFT_OPTIMIZATION_LEVEL = "-Onone";
			};
			name = Debug;
		};
		6D881D5222F72D9100FE8344 /* Release */ = {
			isa = XCBuildConfiguration;
			buildSettings = {
				ALWAYS_SEARCH_USER_PATHS = NO;
				CLANG_ANALYZER_NONNULL = YES;
				CLANG_ANALYZER_NUMBER_OBJECT_CONVERSION = YES_AGGRESSIVE;
				CLANG_CXX_LANGUAGE_STANDARD = "gnu++14";
				CLANG_CXX_LIBRARY = "libc++";
				CLANG_ENABLE_MODULES = YES;
				CLANG_ENABLE_OBJC_ARC = YES;
				CLANG_ENABLE_OBJC_WEAK = YES;
				CLANG_WARN_BLOCK_CAPTURE_AUTORELEASING = YES;
				CLANG_WARN_BOOL_CONVERSION = YES;
				CLANG_WARN_COMMA = YES;
				CLANG_WARN_CONSTANT_CONVERSION = YES;
				CLANG_WARN_DEPRECATED_OBJC_IMPLEMENTATIONS = YES;
				CLANG_WARN_DIRECT_OBJC_ISA_USAGE = YES_ERROR;
				CLANG_WARN_DOCUMENTATION_COMMENTS = YES;
				CLANG_WARN_EMPTY_BODY = YES;
				CLANG_WARN_ENUM_CONVERSION = YES;
				CLANG_WARN_INFINITE_RECURSION = YES;
				CLANG_WARN_INT_CONVERSION = YES;
				CLANG_WARN_NON_LITERAL_NULL_CONVERSION = YES;
				CLANG_WARN_OBJC_IMPLICIT_RETAIN_SELF = YES;
				CLANG_WARN_OBJC_LITERAL_CONVERSION = YES;
				CLANG_WARN_OBJC_ROOT_CLASS = YES_ERROR;
				CLANG_WARN_RANGE_LOOP_ANALYSIS = YES;
				CLANG_WARN_STRICT_PROTOTYPES = YES;
				CLANG_WARN_SUSPICIOUS_MOVE = YES;
				CLANG_WARN_UNGUARDED_AVAILABILITY = YES_AGGRESSIVE;
				CLANG_WARN_UNREACHABLE_CODE = YES;
				CLANG_WARN__DUPLICATE_METHOD_MATCH = YES;
				CODE_SIGN_IDENTITY = "iPhone Developer";
				COPY_PHASE_STRIP = NO;
				DEBUG_INFORMATION_FORMAT = "dwarf-with-dsym";
				ENABLE_NS_ASSERTIONS = NO;
				ENABLE_STRICT_OBJC_MSGSEND = YES;
				GCC_C_LANGUAGE_STANDARD = gnu11;
				GCC_NO_COMMON_BLOCKS = YES;
				GCC_WARN_64_TO_32_BIT_CONVERSION = YES;
				GCC_WARN_ABOUT_RETURN_TYPE = YES_ERROR;
				GCC_WARN_UNDECLARED_SELECTOR = YES;
				GCC_WARN_UNINITIALIZED_AUTOS = YES_AGGRESSIVE;
				GCC_WARN_UNUSED_FUNCTION = YES;
				GCC_WARN_UNUSED_VARIABLE = YES;
				IPHONEOS_DEPLOYMENT_TARGET = 12.4;
				MTL_ENABLE_DEBUG_INFO = NO;
				MTL_FAST_MATH = YES;
				SDKROOT = iphoneos;
				SWIFT_COMPILATION_MODE = wholemodule;
				SWIFT_OPTIMIZATION_LEVEL = "-O";
				VALIDATE_PRODUCT = YES;
			};
			name = Release;
		};
		6D881D5422F72D9100FE8344 /* Debug */ = {
			isa = XCBuildConfiguration;
			baseConfigurationReference = FA4DC602A714C60399B7F88F /* Pods-WtestExec1.debug.xcconfig */;
			buildSettings = {
				ASSETCATALOG_COMPILER_APPICON_NAME = AppIcon;
				CODE_SIGN_STYLE = Automatic;
				DEVELOPMENT_TEAM = 3F856S9955;
				INFOPLIST_FILE = WtestExec1/Info.plist;
				IPHONEOS_DEPLOYMENT_TARGET = 12.2;
				LD_RUNPATH_SEARCH_PATHS = (
					"$(inherited)",
					"@executable_path/Frameworks",
				);
				PRODUCT_BUNDLE_IDENTIFIER = com.nunodomingues.WtestExec1;
				PRODUCT_NAME = "$(TARGET_NAME)";
				SWIFT_VERSION = 5.0;
				TARGETED_DEVICE_FAMILY = "1,2";
			};
			name = Debug;
		};
		6D881D5522F72D9100FE8344 /* Release */ = {
			isa = XCBuildConfiguration;
			baseConfigurationReference = 8F392A352E85CA22C3C009FC /* Pods-WtestExec1.release.xcconfig */;
			buildSettings = {
				ASSETCATALOG_COMPILER_APPICON_NAME = AppIcon;
				CODE_SIGN_STYLE = Automatic;
				DEVELOPMENT_TEAM = 3F856S9955;
				INFOPLIST_FILE = WtestExec1/Info.plist;
				IPHONEOS_DEPLOYMENT_TARGET = 12.2;
				LD_RUNPATH_SEARCH_PATHS = (
					"$(inherited)",
					"@executable_path/Frameworks",
				);
				PRODUCT_BUNDLE_IDENTIFIER = com.nunodomingues.WtestExec1;
				PRODUCT_NAME = "$(TARGET_NAME)";
				SWIFT_VERSION = 5.0;
				TARGETED_DEVICE_FAMILY = "1,2";
			};
			name = Release;
		};
/* End XCBuildConfiguration section */

/* Begin XCConfigurationList section */
		6D881D3C22F72D9000FE8344 /* Build configuration list for PBXProject "WtestExec1" */ = {
			isa = XCConfigurationList;
			buildConfigurations = (
				6D881D5122F72D9100FE8344 /* Debug */,
				6D881D5222F72D9100FE8344 /* Release */,
			);
			defaultConfigurationIsVisible = 0;
			defaultConfigurationName = Release;
		};
		6D881D5322F72D9100FE8344 /* Build configuration list for PBXNativeTarget "WtestExec1" */ = {
			isa = XCConfigurationList;
			buildConfigurations = (
				6D881D5422F72D9100FE8344 /* Debug */,
				6D881D5522F72D9100FE8344 /* Release */,
			);
			defaultConfigurationIsVisible = 0;
			defaultConfigurationName = Release;
		};
/* End XCConfigurationList section */
	};
	rootObject = 6D881D3922F72D9000FE8344 /* Project object */;
}
